
Microsoft Visual Studio Solution File, Format Version 12.00
# Visual Studio Version 17
VisualStudioVersion = 17.9.34728.123
MinimumVisualStudioVersion = 10.0.40219.1
Project("{9A19103F-16F7-4668-BE54-9A1E7A4F7556}") = "Exercise_12_01_02", "Exercise_12_01_02\Exercise_12_01_02.csproj", "{16AF4821-9842-4996-B6B8-3ACF3AB4A2F7}"
EndProject
Project("{2150E333-8FDC-42A3-9474-1A3956D46DE8}") = "Unit_1", "Unit_1", "{B40A47A5-0A81-49A5-8911-A6891F311425}"
EndProject
Project("{9A19103F-16F7-4668-BE54-9A1E7A4F7556}") = "Exercise_12_01_03", "Exercise_12_01_03\Exercise_12_01_03.csproj", "{E69AF712-115D-49CA-8D20-9530607991A2}"
EndProject
Project("{9A19103F-16F7-4668-BE54-9A1E7A4F7556}") = "Exercise_12_01_04", "Exercise_12_01_04\Exercise_12_01_04.csproj", "{407B3E57-9960-4D95-A64A-51E18664684B}"
EndProject
Project("{9A19103F-16F7-4668-BE54-9A1E7A4F7556}") = "Exercise_12_01_05", "Exercise_12_01_05\Exercise_12_01_05.csproj", "{93F6A9BB-BBAB-46FD-BCB5-7302A5EEFDB9}"
EndProject
Project("{2150E333-8FDC-42A3-9474-1A3956D46DE8}") = "Unit_3", "Unit_3", "{148FA482-BC38-480D-988F-9E9267A2B363}"
EndProject
Project("{9A19103F-16F7-4668-BE54-9A1E7A4F7556}") = "Exercise_12_03_001", "Exercise_12_03_001\Exercise_12_03_001.csproj", "{5EE323D3-4267-4C13-B58E-BC2EA81C2504}"
EndProject
Project("{FAE04EC0-301F-11D3-BF4B-00C04F79EFBC}") = "Exercise_12_03_002", "Exercise_12_03_002\Exercise_12_03_002.csproj", "{07990A33-D54E-4F59-ACBF-43769638FE2A}"
EndProject
Global
	GlobalSection(SolutionConfigurationPlatforms) = preSolution
		Debug|Any CPU = Debug|Any CPU
		Release|Any CPU = Release|Any CPU
	EndGlobalSection
	GlobalSection(ProjectConfigurationPlatforms) = postSolution
		{16AF4821-9842-4996-B6B8-3ACF3AB4A2F7}.Debug|Any CPU.ActiveCfg = Debug|Any CPU
		{16AF4821-9842-4996-B6B8-3ACF3AB4A2F7}.Debug|Any CPU.Build.0 = Debug|Any CPU
		{16AF4821-9842-4996-B6B8-3ACF3AB4A2F7}.Release|Any CPU.ActiveCfg = Release|Any CPU
		{16AF4821-9842-4996-B6B8-3ACF3AB4A2F7}.Release|Any CPU.Build.0 = Release|Any CPU
		{E69AF712-115D-49CA-8D20-9530607991A2}.Debug|Any CPU.ActiveCfg = Debug|Any CPU
		{E69AF712-115D-49CA-8D20-9530607991A2}.Debug|Any CPU.Build.0 = Debug|Any CPU
		{E69AF712-115D-49CA-8D20-9530607991A2}.Release|Any CPU.ActiveCfg = Release|Any CPU
		{E69AF712-115D-49CA-8D20-9530607991A2}.Release|Any CPU.Build.0 = Release|Any CPU
		{407B3E57-9960-4D95-A64A-51E18664684B}.Debug|Any CPU.ActiveCfg = Debug|Any CPU
		{407B3E57-9960-4D95-A64A-51E18664684B}.Debug|Any CPU.Build.0 = Debug|Any CPU
		{407B3E57-9960-4D95-A64A-51E18664684B}.Release|Any CPU.ActiveCfg = Release|Any CPU
		{407B3E57-9960-4D95-A64A-51E18664684B}.Release|Any CPU.Build.0 = Release|Any CPU
		{93F6A9BB-BBAB-46FD-BCB5-7302A5EEFDB9}.Debug|Any CPU.ActiveCfg = Debug|Any CPU
		{93F6A9BB-BBAB-46FD-BCB5-7302A5EEFDB9}.Debug|Any CPU.Build.0 = Debug|Any CPU
		{93F6A9BB-BBAB-46FD-BCB5-7302A5EEFDB9}.Release|Any CPU.ActiveCfg = Release|Any CPU
		{93F6A9BB-BBAB-46FD-BCB5-7302A5EEFDB9}.Release|Any CPU.Build.0 = Release|Any CPU
		{5EE323D3-4267-4C13-B58E-BC2EA81C2504}.Debug|Any CPU.ActiveCfg = Debug|Any CPU
		{5EE323D3-4267-4C13-B58E-BC2EA81C2504}.Debug|Any CPU.Build.0 = Debug|Any CPU
		{5EE323D3-4267-4C13-B58E-BC2EA81C2504}.Release|Any CPU.ActiveCfg = Release|Any CPU
		{5EE323D3-4267-4C13-B58E-BC2EA81C2504}.Release|Any CPU.Build.0 = Release|Any CPU
		{07990A33-D54E-4F59-ACBF-43769638FE2A}.Debug|Any CPU.ActiveCfg = Debug|Any CPU
		{07990A33-D54E-4F59-ACBF-43769638FE2A}.Debug|Any CPU.Build.0 = Debug|Any CPU
		{07990A33-D54E-4F59-ACBF-43769638FE2A}.Release|Any CPU.ActiveCfg = Release|Any CPU
		{07990A33-D54E-4F59-ACBF-43769638FE2A}.Release|Any CPU.Build.0 = Release|Any CPU
	EndGlobalSection
	GlobalSection(SolutionProperties) = preSolution
		HideSolutionNode = FALSE
	EndGlobalSection
	GlobalSection(NestedProjects) = preSolution
		{16AF4821-9842-4996-B6B8-3ACF3AB4A2F7} = {B40A47A5-0A81-49A5-8911-A6891F311425}
		{E69AF712-115D-49CA-8D20-9530607991A2} = {B40A47A5-0A81-49A5-8911-A6891F311425}
		{407B3E57-9960-4D95-A64A-51E18664684B} = {B40A47A5-0A81-49A5-8911-A6891F311425}
		{93F6A9BB-BBAB-46FD-BCB5-7302A5EEFDB9} = {B40A47A5-0A81-49A5-8911-A6891F311425}
		{5EE323D3-4267-4C13-B58E-BC2EA81C2504} = {148FA482-BC38-480D-988F-9E9267A2B363}
		{07990A33-D54E-4F59-ACBF-43769638FE2A} = {148FA482-BC38-480D-988F-9E9267A2B363}
	EndGlobalSection
	GlobalSection(ExtensibilityGlobals) = postSolution
		SolutionGuid = {46F2BCC6-7165-4074-AE18-DC9752A3190B}
	EndGlobalSection
EndGlobal
